{
    "_readme": [
        "This file locks the dependencies of your project to a known state",
        "Read more about it at http://getcomposer.org/doc/01-basic-usage.md#composer-lock-the-lock-file",
        "This file is @generated automatically"
    ],
    "hash": "835142f971552aed8cfbcf0d0cd2d703",
    "packages": [
        {
            "name": "michelf/php-markdown",
            "version": "1.4.0",
            "source": {
                "type": "git",
                "url": "https://github.com/michelf/php-markdown.git",
                "reference": "96d8150406f67e683ef4acc09fef91785fef1266"
            },
            "dist": {
                "type": "zip",
                "url": "https://api.github.com/repos/michelf/php-markdown/zipball/96d8150406f67e683ef4acc09fef91785fef1266",
                "reference": "96d8150406f67e683ef4acc09fef91785fef1266",
                "shasum": ""
            },
            "require": {
                "php": ">=5.3.0"
            },
            "type": "library",
            "extra": {
                "branch-alias": {
                    "dev-lib": "1.4.x-dev"
                }
            },
            "autoload": {
                "psr-0": {
                    "Michelf": ""
                }
            },
            "notification-url": "https://packagist.org/downloads/",
            "license": [
                "BSD-3-Clause"
            ],
            "authors": [
                {
                    "name": "Michel Fortin",
                    "email": "michel.fortin@michelf.ca",
                    "homepage": "http://michelf.ca/",
                    "role": "Developer"
                },
                {
                    "name": "John Gruber",
                    "homepage": "http://daringfireball.net/"
                }
            ],
            "description": "PHP Markdown",
            "homepage": "http://michelf.ca/projects/php-markdown/",
            "keywords": [
                "markdown"
            ],
            "time": "2013-11-29 17:09:24"
        },
        {
            "name": "phile-cms/plugin-installer-plugin",
            "version": "1.0.0",
            "source": {
                "type": "git",
                "url": "https://github.com/PhileCMS/ComposerPluginInstaller.git",
                "reference": "78f82bb5dc88723958aa1b09ced2b756afdc5812"
            },
            "dist": {
                "type": "zip",
                "url": "https://api.github.com/repos/PhileCMS/ComposerPluginInstaller/zipball/78f82bb5dc88723958aa1b09ced2b756afdc5812",
                "reference": "78f82bb5dc88723958aa1b09ced2b756afdc5812",
                "shasum": ""
            },
            "require": {
                "composer-plugin-api": "1.0.0"
            },
            "type": "composer-plugin",
            "extra": {
                "class": "Phile\\Composer\\PluginInstallerPlugin"
            },
            "autoload": {
                "psr-0": {
                    "Phile\\Composer": "src/"
                }
            },
            "notification-url": "https://packagist.org/downloads/",
            "license": [
                "MIT"
            ],
            "authors": [
                {
                    "name": "Frank Nägler",
                    "email": "mail@naegler.net",
                    "homepage": "http://www.frank-naegler.de",
                    "role": "Developer"
                }
            ],
            "description": "Composer installer plugin for phile plugins",
            "homepage": "http://philecms.com",
            "keywords": [
                "cms",
                "composer",
                "markdown",
                "phile"
            ],
            "time": "2014-04-24 22:03:20"
        },
        {
            "name": "phile/inline-image",
            "version": "dev-master",
            "source": {
                "type": "git",
                "url": "https://github.com/PhileCMS/phileInlineImage.git",
                "reference": "9c2359b8895fa1190b37a2334185c7f656d05039"
            },
            "dist": {
                "type": "zip",
                "url": "https://api.github.com/repos/PhileCMS/phileInlineImage/zipball/9c2359b8895fa1190b37a2334185c7f656d05039",
                "reference": "9c2359b8895fa1190b37a2334185c7f656d05039",
                "shasum": ""
            },
            "require": {
                "phile-cms/phile": ">=1",
                "phile-cms/plugin-installer-plugin": ">=1"
            },
            "type": "phile-plugin",
            "notification-url": "https://packagist.org/downloads/",
            "license": [
                "MIT"
            ],
            "authors": [
                {
                    "name": "James Doyle",
                    "email": "james2doyle@gmail.com",
                    "homepage": "http://ohdoylerules.com/",
                    "role": "Developer"
                }
            ],
            "description": "A plugin take an image name and generate a wrapped image tag.",
            "homepage": "http://philecms.com",
            "keywords": [
                "cms",
                "content",
                "phile"
            ],
            "time": "2014-06-19 13:28:44"
        },
        {
            "name": "phile/rss-feed",
            "version": "dev-master",
            "source": {
                "type": "git",
                "url": "https://github.com/PhileCMS/phileRSSFeed.git",
                "reference": "97ecfad2eed47856fcc758ed60ae9f2351e3a658"
            },
            "dist": {
                "type": "zip",
                "url": "https://api.github.com/repos/PhileCMS/phileRSSFeed/zipball/97ecfad2eed47856fcc758ed60ae9f2351e3a658",
                "reference": "97ecfad2eed47856fcc758ed60ae9f2351e3a658",
                "shasum": ""
            },
            "require": {
                "phile-cms/phile": ">=1",
                "phile-cms/plugin-installer-plugin": ">=1"
            },
            "type": "phile-plugin",
            "notification-url": "https://packagist.org/downloads/",
            "license": [
                "MIT"
            ],
            "authors": [
                {
                    "name": "James Doyle",
                    "email": "james2doyle@gmail.com",
                    "homepage": "http://ohdoylerules.com/",
                    "role": "Developer"
                }
            ],
            "description": "Generate RSS feeds based on the posts in your Phile site.",
            "homepage": "http://philecms.com",
            "keywords": [
                "cms",
                "content",
                "phile"
            ],
            "time": "2014-06-19 13:31:01"
        },
        {
            "name": "siezi/phile-markdown-editor",
            "version": "1.1.1",
            "source": {
                "type": "git",
                "url": "https://github.com/Schlaefer/phileMarkdownEditor.git",
                "reference": "2f35343cabdbfbeccdac93de28ca4fa229406267"
            },
            "dist": {
                "type": "zip",
                "url": "https://api.github.com/repos/Schlaefer/phileMarkdownEditor/zipball/2f35343cabdbfbeccdac93de28ca4fa229406267",
                "reference": "2f35343cabdbfbeccdac93de28ca4fa229406267",
                "shasum": ""
            },
            "require": {
                "phile-cms/phile": ">=1.4",
                "phile-cms/plugin-installer-plugin": ">=1"
            },
            "type": "phile-plugin",
            "notification-url": "https://packagist.org/downloads/",
            "license": [
                "MIT"
            ],
            "description": "Online Markdown editor for Phile",
            "homepage": "https://github.com/Schlaefer/phileMarkdownEditor",
            "keywords": [
                "editor",
                "markdown",
                "phile"
            ],
            "time": "2015-02-27 12:03:48"
        },
        {
            "name": "twig/twig",
            "version": "v1.15.1",
            "source": {
                "type": "git",
                "url": "https://github.com/twigphp/Twig.git",
                "reference": "1fb5784662f438d7d96a541e305e28b812e2eeed"
            },
            "dist": {
                "type": "zip",
                "url": "https://api.github.com/repos/twigphp/Twig/zipball/1fb5784662f438d7d96a541e305e28b812e2eeed",
                "reference": "1fb5784662f438d7d96a541e305e28b812e2eeed",
                "shasum": ""
            },
            "require": {
                "php": ">=5.2.4"
            },
            "type": "library",
            "extra": {
                "branch-alias": {
                    "dev-master": "1.15-dev"
                }
            },
            "autoload": {
                "psr-0": {
                    "Twig_": "lib/"
                }
            },
            "notification-url": "https://packagist.org/downloads/",
            "license": [
                "BSD-3-Clause"
            ],
            "authors": [
                {
                    "name": "Fabien Potencier",
                    "email": "fabien@symfony.com",
                    "homepage": "http://fabien.potencier.org",
                    "role": "Lead Developer"
                },
                {
                    "name": "Armin Ronacher",
                    "email": "armin.ronacher@active-4.com",
                    "role": "Project Founder"
                },
                {
                    "name": "Twig Team",
                    "homepage": "https://github.com/fabpot/Twig/graphs/contributors",
                    "role": "Contributors"
                }
            ],
            "description": "Twig, the flexible, fast, and secure template language for PHP",
            "homepage": "http://twig.sensiolabs.org",
            "keywords": [
                "templating"
            ],
            "time": "2014-02-13 10:19:29"
        }
    ],
    "packages-dev": [],
    "aliases": [],
    "minimum-stability": "stable",
    "stability-flags": {
        "phile/rss-feed": 20,
        "phile/inline-image": 20
    },
    "prefer-stable": false,
    "prefer-lowest": false,
    "platform": {
        "php": ">=5.3.0"
    },
    "platform-dev": []
}
