{
    "_readme": [
        "This file locks the dependencies of your project to a known state",
        "Read more about it at https://getcomposer.org/doc/01-basic-usage.md#composer-lock-the-lock-file",
        "This file is @generated automatically"
    ],
    "hash": "cd79125434e4b4f0592c03324900b74c",
    "packages": [
        {
            "name": "michelf/php-markdown",
            "version": "1.5.0",
            "source": {
                "type": "git",
                "url": "https://github.com/michelf/php-markdown.git",
                "reference": "e1aabe18173231ebcefc90e615565742fc1c7fd9"
            },
            "dist": {
                "type": "zip",
                "url": "https://api.github.com/repos/michelf/php-markdown/zipball/e1aabe18173231ebcefc90e615565742fc1c7fd9",
                "reference": "e1aabe18173231ebcefc90e615565742fc1c7fd9",
                "shasum": ""
            },
            "require": {
                "php": ">=5.3.0"
            },
            "type": "library",
            "extra": {
                "branch-alias": {
                    "dev-lib": "1.4.x-dev"
                }
            },
            "autoload": {
                "psr-0": {
                    "Michelf": ""
                }
            },
            "notification-url": "https://packagist.org/downloads/",
            "license": [
                "BSD-3-Clause"
            ],
            "authors": [
                {
                    "name": "John Gruber",
                    "homepage": "http://daringfireball.net/"
                },
                {
                    "name": "Michel Fortin",
                    "email": "michel.fortin@michelf.ca",
                    "homepage": "https://michelf.ca/",
                    "role": "Developer"
                }
            ],
            "description": "PHP Markdown",
            "homepage": "https://michelf.ca/projects/php-markdown/",
            "keywords": [
                "markdown"
            ],
            "time": "2015-03-01 12:03:08"
        },
        {
            "name": "phile-cms/plugin-installer-plugin",
            "version": "1.0.2",
            "source": {
                "type": "git",
                "url": "https://github.com/PhileCMS/ComposerPluginInstaller.git",
                "reference": "4f96f52e996f6d8dc9cb4a12ef7fae06c8d308c7"
            },
            "dist": {
                "type": "zip",
                "url": "https://api.github.com/repos/PhileCMS/ComposerPluginInstaller/zipball/4f96f52e996f6d8dc9cb4a12ef7fae06c8d308c7",
                "reference": "4f96f52e996f6d8dc9cb4a12ef7fae06c8d308c7",
                "shasum": ""
            },
            "require": {
                "composer-plugin-api": "1.0.0"
            },
            "type": "composer-plugin",
            "extra": {
                "class": "Phile\\Composer\\PluginInstallerPlugin"
            },
            "autoload": {
                "psr-0": {
                    "Phile\\Composer": "src/"
                }
            },
            "notification-url": "https://packagist.org/downloads/",
            "license": [
                "MIT"
            ],
            "authors": [
                {
                    "name": "Frank Nägler",
                    "email": "mail@naegler.net",
                    "homepage": "http://www.frank-naegler.de",
                    "role": "Developer"
                }
            ],
            "description": "Composer installer plugin for phile plugins",
            "homepage": "http://philecms.com",
            "keywords": [
                "cms",
                "composer",
                "markdown",
                "phile"
            ],
            "time": "2015-03-14 16:49:21"
        },
        {
            "name": "phile/rss-feed",
            "version": "dev-master",
            "source": {
                "type": "git",
                "url": "https://github.com/PhileCMS/phileRSSFeed.git",
                "reference": "97ecfad2eed47856fcc758ed60ae9f2351e3a658"
            },
            "dist": {
                "type": "zip",
                "url": "https://api.github.com/repos/PhileCMS/phileRSSFeed/zipball/97ecfad2eed47856fcc758ed60ae9f2351e3a658",
                "reference": "97ecfad2eed47856fcc758ed60ae9f2351e3a658",
                "shasum": ""
            },
            "require": {
                "phile-cms/phile": ">=1",
                "phile-cms/plugin-installer-plugin": ">=1"
            },
            "type": "phile-plugin",
            "notification-url": "https://packagist.org/downloads/",
            "license": [
                "MIT"
            ],
            "authors": [
                {
                    "name": "James Doyle",
                    "email": "james2doyle@gmail.com",
                    "homepage": "http://ohdoylerules.com/",
                    "role": "Developer"
                }
            ],
            "description": "Generate RSS feeds based on the posts in your Phile site.",
            "homepage": "http://philecms.com",
            "keywords": [
                "cms",
                "content",
                "phile"
            ],
            "time": "2014-06-19 13:31:01"
        },
        {
            "name": "phpfastcache/phpfastcache",
            "version": "3.0.6",
            "source": {
                "type": "git",
                "url": "https://github.com/khoaofgod/phpfastcache.git",
                "reference": "4dbe9d1099efded83bd2070d96135a658949fbd9"
            },
            "dist": {
                "type": "zip",
                "url": "https://api.github.com/repos/khoaofgod/phpfastcache/zipball/4dbe9d1099efded83bd2070d96135a658949fbd9",
                "reference": "4dbe9d1099efded83bd2070d96135a658949fbd9",
                "shasum": ""
            },
            "require": {
                "php": ">=5.1.0"
            },
            "type": "library",
            "autoload": {
                "files": [
                    "phpfastcache.php"
                ]
            },
            "notification-url": "https://packagist.org/downloads/",
            "license": [
                "MIT"
            ],
            "authors": [
                {
                    "name": "Khoa Bui",
                    "email": "khoaofgod@gmail.com",
                    "homepage": "http://www.phpfastcache.com",
                    "role": "Developer"
                }
            ],
            "description": "PHP Cache Class - Supported Redis, Cookie, Predis, APC, MemCached, WinCache, Files, PDO, Reduce mySQL Call by Caching",
            "homepage": "http://www.phpfastcache.com",
            "keywords": [
                "APC Cache",
                "apc",
                "cache",
                "cache class",
                "caching",
                "cookie",
                "files cache",
                "memcache",
                "memcached",
                "mysql cache",
                "pdo cache",
                "php cache",
                "predis",
                "redis",
                "wincache"
            ],
            "time": "2015-06-28 20:41:55"
        },
        {
            "name": "siezi/phile-markdown-editor",
            "version": "1.1.1",
            "source": {
                "type": "git",
                "url": "https://github.com/Schlaefer/phileMarkdownEditor.git",
                "reference": "2f35343cabdbfbeccdac93de28ca4fa229406267"
            },
            "dist": {
                "type": "zip",
                "url": "https://api.github.com/repos/Schlaefer/phileMarkdownEditor/zipball/2f35343cabdbfbeccdac93de28ca4fa229406267",
                "reference": "2f35343cabdbfbeccdac93de28ca4fa229406267",
                "shasum": ""
            },
            "require": {
                "phile-cms/phile": ">=1.4",
                "phile-cms/plugin-installer-plugin": ">=1"
            },
            "type": "phile-plugin",
            "notification-url": "https://packagist.org/downloads/",
            "license": [
                "MIT"
            ],
            "description": "Online Markdown editor for Phile",
            "homepage": "https://github.com/Schlaefer/phileMarkdownEditor",
            "keywords": [
                "editor",
                "markdown",
                "phile"
            ],
            "time": "2015-02-27 12:03:48"
        },
        {
            "name": "siezi/phile-serve-content-files",
            "version": "0.1.1",
            "source": {
                "type": "git",
                "url": "https://github.com/Schlaefer/phileServeContentFiles.git",
                "reference": "c8476fa0e87b2fa18d0961d8abf5c6f5564cb88f"
            },
            "dist": {
                "type": "zip",
                "url": "https://api.github.com/repos/Schlaefer/phileServeContentFiles/zipball/c8476fa0e87b2fa18d0961d8abf5c6f5564cb88f",
                "reference": "c8476fa0e87b2fa18d0961d8abf5c6f5564cb88f",
                "shasum": ""
            },
            "require": {
                "phile-cms/phile": ">=1.4",
                "phile-cms/plugin-installer-plugin": ">=1"
            },
            "suggest": {
                "siezi/phile-total-cache": "caching for improved performance"
            },
            "type": "phile-plugin",
            "notification-url": "https://packagist.org/downloads/",
            "license": [
                "MIT"
            ],
            "description": "Plugin for PhileCMS to serve files from the content/ directory",
            "homepage": "https://github.com/Schlaefer/phileServeContentFiles",
            "keywords": [
                "content",
                "phile"
            ],
            "time": "2015-03-04 21:46:31"
        },
        {
            "name": "siezi/phile-total-cache",
            "version": "1.0.2",
            "source": {
                "type": "git",
                "url": "https://github.com/Schlaefer/phileTotalCache.git",
                "reference": "3d2b5a40e3f007a4ca3292480b25bd5852f57f68"
            },
            "dist": {
                "type": "zip",
                "url": "https://api.github.com/repos/Schlaefer/phileTotalCache/zipball/3d2b5a40e3f007a4ca3292480b25bd5852f57f68",
                "reference": "3d2b5a40e3f007a4ca3292480b25bd5852f57f68",
                "shasum": ""
            },
            "require": {
                "phile-cms/phile": ">=1.4",
                "phile-cms/plugin-installer-plugin": ">=1"
            },
            "type": "phile-plugin",
            "notification-url": "https://packagist.org/downloads/",
            "license": [
                "MIT"
            ],
            "description": "Cache Plugin for PhileCMS",
            "homepage": "https://github.com/Schlaefer/phileTotalCache",
            "keywords": [
                "cache",
                "phile"
            ],
            "time": "2015-04-01 10:06:40"
        },
        {
            "name": "symfony/yaml",
            "version": "v2.7.2",
            "source": {
                "type": "git",
                "url": "https://github.com/symfony/Yaml.git",
                "reference": "4bfbe0ed3909bfddd75b70c094391ec1f142f860"
            },
            "dist": {
                "type": "zip",
                "url": "https://api.github.com/repos/symfony/Yaml/zipball/4bfbe0ed3909bfddd75b70c094391ec1f142f860",
                "reference": "4bfbe0ed3909bfddd75b70c094391ec1f142f860",
                "shasum": ""
            },
            "require": {
                "php": ">=5.3.9"
            },
            "require-dev": {
                "symfony/phpunit-bridge": "~2.7"
            },
            "type": "library",
            "extra": {
                "branch-alias": {
                    "dev-master": "2.7-dev"
                }
            },
            "autoload": {
                "psr-4": {
                    "Symfony\\Component\\Yaml\\": ""
                }
            },
            "notification-url": "https://packagist.org/downloads/",
            "license": [
                "MIT"
            ],
            "authors": [
                {
                    "name": "Fabien Potencier",
                    "email": "fabien@symfony.com"
                },
                {
                    "name": "Symfony Community",
                    "homepage": "https://symfony.com/contributors"
                }
            ],
            "description": "Symfony Yaml Component",
            "homepage": "https://symfony.com",
            "time": "2015-07-01 11:25:50"
        },
        {
            "name": "twig/twig",
            "version": "v1.15.1",
            "source": {
                "type": "git",
                "url": "https://github.com/twigphp/Twig.git",
                "reference": "1fb5784662f438d7d96a541e305e28b812e2eeed"
            },
            "dist": {
                "type": "zip",
                "url": "https://api.github.com/repos/twigphp/Twig/zipball/1fb5784662f438d7d96a541e305e28b812e2eeed",
                "reference": "1fb5784662f438d7d96a541e305e28b812e2eeed",
                "shasum": ""
            },
            "require": {
                "php": ">=5.2.4"
            },
            "type": "library",
            "extra": {
                "branch-alias": {
                    "dev-master": "1.15-dev"
                }
            },
            "autoload": {
                "psr-0": {
                    "Twig_": "lib/"
                }
            },
            "notification-url": "https://packagist.org/downloads/",
            "license": [
                "BSD-3-Clause"
            ],
            "authors": [
                {
                    "name": "Fabien Potencier",
                    "email": "fabien@symfony.com",
                    "homepage": "http://fabien.potencier.org",
                    "role": "Lead Developer"
                },
                {
                    "name": "Armin Ronacher",
                    "email": "armin.ronacher@active-4.com",
                    "role": "Project Founder"
                },
                {
                    "name": "Twig Team",
                    "homepage": "https://github.com/fabpot/Twig/graphs/contributors",
                    "role": "Contributors"
                }
            ],
            "description": "Twig, the flexible, fast, and secure template language for PHP",
            "homepage": "http://twig.sensiolabs.org",
            "keywords": [
                "templating"
            ],
            "time": "2014-02-13 10:19:29"
        }
    ],
    "packages-dev": [],
    "aliases": [],
    "minimum-stability": "stable",
    "stability-flags": {
        "phile/rss-feed": 20
    },
    "prefer-stable": false,
    "prefer-lowest": false,
    "platform": {
        "php": ">=5.4.0"
    },
    "platform-dev": []
}
