# THIS IS AN AUTOGENERATED FILE. DO NOT EDIT THIS FILE DIRECTLY.
# yarn lockfile v1


commander@~2.15.0:
  version "2.15.1"
  resolved "https://registry.yarnpkg.com/commander/-/commander-2.15.1.tgz#df46e867d0fc2aec66a34662b406a9ccafff5b0f"

sass@^1.2.1:
  version "1.2.1"
  resolved "https://registry.yarnpkg.com/sass/-/sass-1.2.1.tgz#c6e49068a62b8237b29343c8b27c89e7d8a55af9"

source-map@~0.6.1:
  version "0.6.1"
  resolved "https://registry.yarnpkg.com/source-map/-/source-map-0.6.1.tgz#74722af32e9614e9c287a8d0bbde48b5e2f1a263"

uglify-js@^3.3.22:
  version "3.3.22"
  resolved "https://registry.yarnpkg.com/uglify-js/-/uglify-js-3.3.22.tgz#e5f0e50ddd386b7e35b728b51600bf7a7ad0b0dc"
  dependencies:
    commander "~2.15.0"
    source-map "~0.6.1"
