{
    "_readme": [
        "This file locks the dependencies of your project to a known state",
        "Read more about it at http://getcomposer.org/doc/01-basic-usage.md#composer-lock-the-lock-file"
    ],
    "hash": "a6aa4e8d77c46cc1415ce326289f5048",
    "packages": [
        {
            "name": "jlong/sass-twitter-bootstrap",
            "version": "v2.3.1",
            "source": {
                "type": "git",
                "url": "https://github.com/jlong/sass-twitter-bootstrap.git",
                "reference": "v2.3.1"
            },
            "dist": {
                "type": "zip",
                "url": "https://api.github.com/repos/jlong/sass-twitter-bootstrap/zipball/v2.3.1",
                "reference": "v2.3.1",
                "shasum": ""
            },
            "type": "library",
            "notification-url": "https://packagist.org/downloads/",
            "license": [
                "Apache-2.0"
            ],
            "description": "A sass port of the sleek, intuitive, and powerful front-end framework for faster and easier web development.",
            "homepage": "http://github.com/jlong/sass-twitter-bootstrap/",
            "keywords": [
                "bootstrap",
                "css",
                "sass"
            ],
            "time": "2013-03-07 21:01:43"
        }
    ],
    "packages-dev": [

    ],
    "aliases": [

    ],
    "minimum-stability": "stable",
    "stability-flags": [

    ],
    "platform": [

    ],
    "platform-dev": [

    ]
}
