{
    "_readme": [
        "This file locks the dependencies of your project to a known state",
        "Read more about it at http://getcomposer.org/doc/01-basic-usage.md#composer-lock-the-lock-file"
    ],
    "hash": "68bd64d12b933436112bc0f1c5cfde2e",
    "packages": [
        {
            "name": "jlong/sass-twitter-bootstrap",
            "version": "v2.2.2",
            "target-dir": "twitter/bootstrap",
            "source": {
                "type": "git",
                "url": "https://github.com/jlong/sass-twitter-bootstrap.git",
                "reference": "v2.2.2"
            },
            "dist": {
                "type": "zip",
                "url": "https://api.github.com/repos/jlong/sass-twitter-bootstrap/zipball/v2.2.2",
                "reference": "v2.2.2",
                "shasum": ""
            },
            "type": "library",
            "notification-url": "https://packagist.org/downloads/",
            "license": [
                "Apache-2.0"
            ],
            "description": "Sleek, intuitive, and powerful front-end framework for faster and easier web development.",
            "homepage": "http://twitter.github.com/bootstrap/",
            "keywords": [
                "bootstrap",
                "css"
            ],
            "time": "2013-02-04 17:54:01"
        }
    ],
    "packages-dev": [

    ],
    "aliases": [

    ],
    "minimum-stability": "stable",
    "stability-flags": [

    ],
    "platform": [

    ],
    "platform-dev": [

    ]
}
